
Microsoft Visual Studio Solution File, Format Version 12.00
# Visual Studio Version 16
VisualStudioVersion = 16.0.29409.12
MinimumVisualStudioVersion = 10.0.40219.1
Project("{FAE04EC0-301F-11D3-BF4B-00C04F79EFBC}") = "SpaceRaceG", "SpaceRaceG\SpaceRaceG.csproj", "{D370CA0C-9513-4B04-9779-A2EA3AD16F76}"
EndProject
Global
	GlobalSection(SolutionConfigurationPlatforms) = preSolution
		Debug|Any CPU = Debug|Any CPU
		Release|Any CPU = Release|Any CPU
	EndGlobalSection
	GlobalSection(ProjectConfigurationPlatforms) = postSolution
		{D370CA0C-9513-4B04-9779-A2EA3AD16F76}.Debug|Any CPU.ActiveCfg = Debug|Any CPU
		{D370CA0C-9513-4B04-9779-A2EA3AD16F76}.Debug|Any CPU.Build.0 = Debug|Any CPU
		{D370CA0C-9513-4B04-9779-A2EA3AD16F76}.Release|Any CPU.ActiveCfg = Release|Any CPU
		{D370CA0C-9513-4B04-9779-A2EA3AD16F76}.Release|Any CPU.Build.0 = Release|Any CPU
	EndGlobalSection
	GlobalSection(SolutionProperties) = preSolution
		HideSolutionNode = FALSE
	EndGlobalSection
	GlobalSection(ExtensibilityGlobals) = postSolution
		SolutionGuid = {E306FBF6-9EFC-4F03-B542-A3203AE2D826}
	EndGlobalSection
EndGlobal
